
Microsoft Visual Studio Solution File, Format Version 12.00
# Visual Studio Version 16
VisualStudioVersion = 16.0.29519.181
MinimumVisualStudioVersion = 10.0.40219.1
Project("{FAE04EC0-301F-11D3-BF4B-00C04F79EFBC}") = "RockPaperScissorsServer", "RockPaperScissorsServer\RockPaperScissorsServer.csproj", "{9BC27816-F640-42DF-B245-6BBA80A8041D}"
EndProject
Project("{FAE04EC0-301F-11D3-BF4B-00C04F79EFBC}") = "RockPaperScissorsClient", "RockPaperScissorsClient\RockPaperScissorsClient.csproj", "{D546FBFF-0255-440F-9BDB-7F9E98B66B69}"
EndProject
Global
	GlobalSection(SolutionConfigurationPlatforms) = preSolution
		Debug|Any CPU = Debug|Any CPU
		Release|Any CPU = Release|Any CPU
	EndGlobalSection
	GlobalSection(ProjectConfigurationPlatforms) = postSolution
		{9BC27816-F640-42DF-B245-6BBA80A8041D}.Debug|Any CPU.ActiveCfg = Debug|Any CPU
		{9BC27816-F640-42DF-B245-6BBA80A8041D}.Debug|Any CPU.Build.0 = Debug|Any CPU
		{9BC27816-F640-42DF-B245-6BBA80A8041D}.Release|Any CPU.ActiveCfg = Release|Any CPU
		{9BC27816-F640-42DF-B245-6BBA80A8041D}.Release|Any CPU.Build.0 = Release|Any CPU
		{D546FBFF-0255-440F-9BDB-7F9E98B66B69}.Debug|Any CPU.ActiveCfg = Debug|Any CPU
		{D546FBFF-0255-440F-9BDB-7F9E98B66B69}.Debug|Any CPU.Build.0 = Debug|Any CPU
		{D546FBFF-0255-440F-9BDB-7F9E98B66B69}.Release|Any CPU.ActiveCfg = Release|Any CPU
		{D546FBFF-0255-440F-9BDB-7F9E98B66B69}.Release|Any CPU.Build.0 = Release|Any CPU
	EndGlobalSection
	GlobalSection(SolutionProperties) = preSolution
		HideSolutionNode = FALSE
	EndGlobalSection
	GlobalSection(ExtensibilityGlobals) = postSolution
		SolutionGuid = {D8DA1194-3073-4F6A-A42D-855EF23B3269}
	EndGlobalSection
EndGlobal
